{
  "nodes": {
    "nixpkgs": {
      "locked": {
        "lastModified": 1694565417,
        "narHash": "sha256-51a7dGQ8Q5kJ23nM2R7iiWbsU/r16osqu4W1s8v1C2w=",
        "owner": "NixOS",
        "repo": "nixpkgs",
        "rev": "0be5bebfd4a6cecba668ae410b368f0b91d0af08",
        "type": "github"
      },
      "original": {
        "owner": "NixOS",
        "ref": "nixos-unstable-small",
        "repo": "nixpkgs",
        "type": "github"
      }
    },
    "root": {
      "inputs": {
        "nixpkgs": "nixpkgs"
      }
    }
  },
  "root": "root",
  "version": 7
}
